
Microsoft Visual Studio Solution File, Format Version 11.00
# Visual Studio 2010
Project("{CC5FD16D-436D-48AD-A40C-5A424C6E3E79}") = "RemoteDesktop", "RemoteDesktop\RemoteDesktop.ccproj", "{9EF8FAE7-02B5-4F6D-9893-504D6288EE16}"
EndProject
Project("{FAE04EC0-301F-11D3-BF4B-00C04F79EFBC}") = "Remotes", "Remotes\Remotes.csproj", "{F7BD4B39-B06F-4076-9B38-ADE79ED04F89}"
EndProject
Global
	GlobalSection(SolutionConfigurationPlatforms) = preSolution
		Debug|Any CPU = Debug|Any CPU
		Release|Any CPU = Release|Any CPU
	EndGlobalSection
	GlobalSection(ProjectConfigurationPlatforms) = postSolution
		{9EF8FAE7-02B5-4F6D-9893-504D6288EE16}.Debug|Any CPU.ActiveCfg = Debug|Any CPU
		{9EF8FAE7-02B5-4F6D-9893-504D6288EE16}.Debug|Any CPU.Build.0 = Debug|Any CPU
		{9EF8FAE7-02B5-4F6D-9893-504D6288EE16}.Release|Any CPU.ActiveCfg = Release|Any CPU
		{9EF8FAE7-02B5-4F6D-9893-504D6288EE16}.Release|Any CPU.Build.0 = Release|Any CPU
		{F7BD4B39-B06F-4076-9B38-ADE79ED04F89}.Debug|Any CPU.ActiveCfg = Debug|Any CPU
		{F7BD4B39-B06F-4076-9B38-ADE79ED04F89}.Debug|Any CPU.Build.0 = Debug|Any CPU
		{F7BD4B39-B06F-4076-9B38-ADE79ED04F89}.Release|Any CPU.ActiveCfg = Release|Any CPU
		{F7BD4B39-B06F-4076-9B38-ADE79ED04F89}.Release|Any CPU.Build.0 = Release|Any CPU
	EndGlobalSection
	GlobalSection(SolutionProperties) = preSolution
		HideSolutionNode = FALSE
	EndGlobalSection
EndGlobal
